
Microsoft Visual Studio Solution File, Format Version 12.00
# Visual Studio Version 17
VisualStudioVersion = 17.0.31903.59
MinimumVisualStudioVersion = 10.0.40219.1
Project("{FAE04EC0-301F-11D3-BF4B-00C04F79EFBC}") = "VollMed.Web", "VollMed.Web\VollMed.Web.csproj", "{8D1181B8-F077-4CBA-AE37-8D9521E1444D}"
EndProject
Project("{FAE04EC0-301F-11D3-BF4B-00C04F79EFBC}") = "VollMed.Shared.Pagination", "VollMed.Shared.Pagination\VollMed.Shared.Pagination.csproj", "{E3B38AC0-F560-4672-B9E8-EED2AB5C375C}"
EndProject
Project("{FAE04EC0-301F-11D3-BF4B-00C04F79EFBC}") = "VollMed.Medicos", "VollMed.Medicos\VollMed.Medicos.csproj", "{5A07CD4B-1ED2-4052-817A-DE3C53E035F9}"
EndProject
Project("{FAE04EC0-301F-11D3-BF4B-00C04F79EFBC}") = "VollMed.Pacientes", "VollMed.Pacientes\VollMed.Pacientes.csproj", "{6AEA9FF8-CD84-427F-87C9-3EFB31510D67}"
EndProject
Project("{FAE04EC0-301F-11D3-BF4B-00C04F79EFBC}") = "VollMed.Consultas", "VollMed.Consultas\VollMed.Consultas.csproj", "{043E97E2-6F17-4B01-9FF5-0E0CFAF37DF6}"
EndProject
Global
	GlobalSection(SolutionConfigurationPlatforms) = preSolution
		Debug|Any CPU = Debug|Any CPU
		Debug|x64 = Debug|x64
		Debug|x86 = Debug|x86
		Release|Any CPU = Release|Any CPU
		Release|x64 = Release|x64
		Release|x86 = Release|x86
	EndGlobalSection
	GlobalSection(ProjectConfigurationPlatforms) = postSolution
		{8D1181B8-F077-4CBA-AE37-8D9521E1444D}.Debug|Any CPU.ActiveCfg = Debug|Any CPU
		{8D1181B8-F077-4CBA-AE37-8D9521E1444D}.Debug|Any CPU.Build.0 = Debug|Any CPU
		{8D1181B8-F077-4CBA-AE37-8D9521E1444D}.Debug|x64.ActiveCfg = Debug|Any CPU
		{8D1181B8-F077-4CBA-AE37-8D9521E1444D}.Debug|x64.Build.0 = Debug|Any CPU
		{8D1181B8-F077-4CBA-AE37-8D9521E1444D}.Debug|x86.ActiveCfg = Debug|Any CPU
		{8D1181B8-F077-4CBA-AE37-8D9521E1444D}.Debug|x86.Build.0 = Debug|Any CPU
		{8D1181B8-F077-4CBA-AE37-8D9521E1444D}.Release|Any CPU.ActiveCfg = Release|Any CPU
		{8D1181B8-F077-4CBA-AE37-8D9521E1444D}.Release|Any CPU.Build.0 = Release|Any CPU
		{8D1181B8-F077-4CBA-AE37-8D9521E1444D}.Release|x64.ActiveCfg = Release|Any CPU
		{8D1181B8-F077-4CBA-AE37-8D9521E1444D}.Release|x64.Build.0 = Release|Any CPU
		{8D1181B8-F077-4CBA-AE37-8D9521E1444D}.Release|x86.ActiveCfg = Release|Any CPU
		{8D1181B8-F077-4CBA-AE37-8D9521E1444D}.Release|x86.Build.0 = Release|Any CPU
		{E3B38AC0-F560-4672-B9E8-EED2AB5C375C}.Debug|Any CPU.ActiveCfg = Debug|Any CPU
		{E3B38AC0-F560-4672-B9E8-EED2AB5C375C}.Debug|Any CPU.Build.0 = Debug|Any CPU
		{E3B38AC0-F560-4672-B9E8-EED2AB5C375C}.Debug|x64.ActiveCfg = Debug|Any CPU
		{E3B38AC0-F560-4672-B9E8-EED2AB5C375C}.Debug|x64.Build.0 = Debug|Any CPU
		{E3B38AC0-F560-4672-B9E8-EED2AB5C375C}.Debug|x86.ActiveCfg = Debug|Any CPU
		{E3B38AC0-F560-4672-B9E8-EED2AB5C375C}.Debug|x86.Build.0 = Debug|Any CPU
		{E3B38AC0-F560-4672-B9E8-EED2AB5C375C}.Release|Any CPU.ActiveCfg = Release|Any CPU
		{E3B38AC0-F560-4672-B9E8-EED2AB5C375C}.Release|Any CPU.Build.0 = Release|Any CPU
		{E3B38AC0-F560-4672-B9E8-EED2AB5C375C}.Release|x64.ActiveCfg = Release|Any CPU
		{E3B38AC0-F560-4672-B9E8-EED2AB5C375C}.Release|x64.Build.0 = Release|Any CPU
		{E3B38AC0-F560-4672-B9E8-EED2AB5C375C}.Release|x86.ActiveCfg = Release|Any CPU
		{E3B38AC0-F560-4672-B9E8-EED2AB5C375C}.Release|x86.Build.0 = Release|Any CPU
		{5A07CD4B-1ED2-4052-817A-DE3C53E035F9}.Debug|Any CPU.ActiveCfg = Debug|Any CPU
		{5A07CD4B-1ED2-4052-817A-DE3C53E035F9}.Debug|Any CPU.Build.0 = Debug|Any CPU
		{5A07CD4B-1ED2-4052-817A-DE3C53E035F9}.Debug|x64.ActiveCfg = Debug|Any CPU
		{5A07CD4B-1ED2-4052-817A-DE3C53E035F9}.Debug|x64.Build.0 = Debug|Any CPU
		{5A07CD4B-1ED2-4052-817A-DE3C53E035F9}.Debug|x86.ActiveCfg = Debug|Any CPU
		{5A07CD4B-1ED2-4052-817A-DE3C53E035F9}.Debug|x86.Build.0 = Debug|Any CPU
		{5A07CD4B-1ED2-4052-817A-DE3C53E035F9}.Release|Any CPU.ActiveCfg = Release|Any CPU
		{5A07CD4B-1ED2-4052-817A-DE3C53E035F9}.Release|Any CPU.Build.0 = Release|Any CPU
		{5A07CD4B-1ED2-4052-817A-DE3C53E035F9}.Release|x64.ActiveCfg = Release|Any CPU
		{5A07CD4B-1ED2-4052-817A-DE3C53E035F9}.Release|x64.Build.0 = Release|Any CPU
		{5A07CD4B-1ED2-4052-817A-DE3C53E035F9}.Release|x86.ActiveCfg = Release|Any CPU
		{5A07CD4B-1ED2-4052-817A-DE3C53E035F9}.Release|x86.Build.0 = Release|Any CPU
		{6AEA9FF8-CD84-427F-87C9-3EFB31510D67}.Debug|Any CPU.ActiveCfg = Debug|Any CPU
		{6AEA9FF8-CD84-427F-87C9-3EFB31510D67}.Debug|Any CPU.Build.0 = Debug|Any CPU
		{6AEA9FF8-CD84-427F-87C9-3EFB31510D67}.Debug|x64.ActiveCfg = Debug|Any CPU
		{6AEA9FF8-CD84-427F-87C9-3EFB31510D67}.Debug|x64.Build.0 = Debug|Any CPU
		{6AEA9FF8-CD84-427F-87C9-3EFB31510D67}.Debug|x86.ActiveCfg = Debug|Any CPU
		{6AEA9FF8-CD84-427F-87C9-3EFB31510D67}.Debug|x86.Build.0 = Debug|Any CPU
		{6AEA9FF8-CD84-427F-87C9-3EFB31510D67}.Release|Any CPU.ActiveCfg = Release|Any CPU
		{6AEA9FF8-CD84-427F-87C9-3EFB31510D67}.Release|Any CPU.Build.0 = Release|Any CPU
		{6AEA9FF8-CD84-427F-87C9-3EFB31510D67}.Release|x64.ActiveCfg = Release|Any CPU
		{6AEA9FF8-CD84-427F-87C9-3EFB31510D67}.Release|x64.Build.0 = Release|Any CPU
		{6AEA9FF8-CD84-427F-87C9-3EFB31510D67}.Release|x86.ActiveCfg = Release|Any CPU
		{6AEA9FF8-CD84-427F-87C9-3EFB31510D67}.Release|x86.Build.0 = Release|Any CPU
		{043E97E2-6F17-4B01-9FF5-0E0CFAF37DF6}.Debug|Any CPU.ActiveCfg = Debug|Any CPU
		{043E97E2-6F17-4B01-9FF5-0E0CFAF37DF6}.Debug|Any CPU.Build.0 = Debug|Any CPU
		{043E97E2-6F17-4B01-9FF5-0E0CFAF37DF6}.Debug|x64.ActiveCfg = Debug|Any CPU
		{043E97E2-6F17-4B01-9FF5-0E0CFAF37DF6}.Debug|x64.Build.0 = Debug|Any CPU
		{043E97E2-6F17-4B01-9FF5-0E0CFAF37DF6}.Debug|x86.ActiveCfg = Debug|Any CPU
		{043E97E2-6F17-4B01-9FF5-0E0CFAF37DF6}.Debug|x86.Build.0 = Debug|Any CPU
		{043E97E2-6F17-4B01-9FF5-0E0CFAF37DF6}.Release|Any CPU.ActiveCfg = Release|Any CPU
		{043E97E2-6F17-4B01-9FF5-0E0CFAF37DF6}.Release|Any CPU.Build.0 = Release|Any CPU
		{043E97E2-6F17-4B01-9FF5-0E0CFAF37DF6}.Release|x64.ActiveCfg = Release|Any CPU
		{043E97E2-6F17-4B01-9FF5-0E0CFAF37DF6}.Release|x64.Build.0 = Release|Any CPU
		{043E97E2-6F17-4B01-9FF5-0E0CFAF37DF6}.Release|x86.ActiveCfg = Release|Any CPU
		{043E97E2-6F17-4B01-9FF5-0E0CFAF37DF6}.Release|x86.Build.0 = Release|Any CPU
	EndGlobalSection
	GlobalSection(SolutionProperties) = preSolution
		HideSolutionNode = FALSE
	EndGlobalSection
EndGlobal
